
Microsoft Visual Studio Solution File, Format Version 12.00
# Visual Studio 2012
Project("{8BC9CEB8-8B4A-11D0-8D11-00A0C91BC942}") = "Project4", "Project4\Project4.vcxproj", "{D17FA355-F20B-4195-B0B9-06DE83124D97}"
EndProject
Global
	GlobalSection(SolutionConfigurationPlatforms) = preSolution
		Debug|Win32 = Debug|Win32
		Release|Win32 = Release|Win32
	EndGlobalSection
	GlobalSection(ProjectConfigurationPlatforms) = postSolution
		{D17FA355-F20B-4195-B0B9-06DE83124D97}.Debug|Win32.ActiveCfg = Debug|Win32
		{D17FA355-F20B-4195-B0B9-06DE83124D97}.Debug|Win32.Build.0 = Debug|Win32
		{D17FA355-F20B-4195-B0B9-06DE83124D97}.Release|Win32.ActiveCfg = Release|Win32
		{D17FA355-F20B-4195-B0B9-06DE83124D97}.Release|Win32.Build.0 = Release|Win32
	EndGlobalSection
	GlobalSection(SolutionProperties) = preSolution
		HideSolutionNode = FALSE
	EndGlobalSection
EndGlobal
